// !$*UTF8*$!
{
	archiveVersion = 1;
	classes = {
	};
	objectVersion = 56;
	objects = {

/* Begin PBXBuildFile section */
		F28F26962C697C5800C82F51 /* AppDelegate.swift in Sources */ = {isa = PBXBuildFile; fileRef = F28F26952C697C5800C82F51 /* AppDelegate.swift */; };
		F28F26982C697C5800C82F51 /* SceneDelegate.swift in Sources */ = {isa = PBXBuildFile; fileRef = F28F26972C697C5800C82F51 /* SceneDelegate.swift */; };
		F28F269A2C697C5800C82F51 /* ForecastViewController.swift in Sources */ = {isa = PBXBuildFile; fileRef = F28F26992C697C5800C82F51 /* ForecastViewController.swift */; };
		F28F269D2C697C5800C82F51 /* Base in Resources */ = {isa = PBXBuildFile; fileRef = F28F269C2C697C5800C82F51 /* Base */; };
		F28F269F2C697C5B00C82F51 /* Assets.xcassets in Resources */ = {isa = PBXBuildFile; fileRef = F28F269E2C697C5B00C82F51 /* Assets.xcassets */; };
		F28F26A22C697C5B00C82F51 /* Base in Resources */ = {isa = PBXBuildFile; fileRef = F28F26A12C697C5B00C82F51 /* Base */; };
		F28F26AD2C697C5D00C82F51 /* WeatherAppTests.swift in Sources */ = {isa = PBXBuildFile; fileRef = F28F26AC2C697C5D00C82F51 /* WeatherAppTests.swift */; };
		F28F26B72C697C5D00C82F51 /* WeatherAppUITests.swift in Sources */ = {isa = PBXBuildFile; fileRef = F28F26B62C697C5D00C82F51 /* WeatherAppUITests.swift */; };
		F28F26B92C697C5D00C82F51 /* WeatherAppUITestsLaunchTests.swift in Sources */ = {isa = PBXBuildFile; fileRef = F28F26B82C697C5D00C82F51 /* WeatherAppUITestsLaunchTests.swift */; };
		F28F26D12C697E8A00C82F51 /* ForecastDataRequest.swift in Sources */ = {isa = PBXBuildFile; fileRef = F28F26D02C697E8A00C82F51 /* ForecastDataRequest.swift */; };
		F28F26D22C697E8A00C82F51 /* ForecastDataRequest.swift in Sources */ = {isa = PBXBuildFile; fileRef = F28F26D02C697E8A00C82F51 /* ForecastDataRequest.swift */; };
		F2FF14962C698FDC00D80DF4 /* ForecastViewModel.swift in Sources */ = {isa = PBXBuildFile; fileRef = F2FF14952C698FDC00D80DF4 /* ForecastViewModel.swift */; };
		F2FF14972C698FDC00D80DF4 /* ForecastViewModel.swift in Sources */ = {isa = PBXBuildFile; fileRef = F2FF14952C698FDC00D80DF4 /* ForecastViewModel.swift */; };
		F2FF14A12C6A482100D80DF4 /* UserDefault.swift in Sources */ = {isa = PBXBuildFile; fileRef = F2FF14A02C6A482100D80DF4 /* UserDefault.swift */; };
		F2FF14A22C6A482100D80DF4 /* UserDefault.swift in Sources */ = {isa = PBXBuildFile; fileRef = F2FF14A02C6A482100D80DF4 /* UserDefault.swift */; };
		F2FF14A52C6A486F00D80DF4 /* Optional+Extension.swift in Sources */ = {isa = PBXBuildFile; fileRef = F2FF14A42C6A486F00D80DF4 /* Optional+Extension.swift */; };
		F2FF14A62C6A486F00D80DF4 /* Optional+Extension.swift in Sources */ = {isa = PBXBuildFile; fileRef = F2FF14A42C6A486F00D80DF4 /* Optional+Extension.swift */; };
		F2FF14A82C6A48A100D80DF4 /* UserDefaults+Extension.swift in Sources */ = {isa = PBXBuildFile; fileRef = F2FF14A72C6A48A100D80DF4 /* UserDefaults+Extension.swift */; };
		F2FF14A92C6A48A100D80DF4 /* UserDefaults+Extension.swift in Sources */ = {isa = PBXBuildFile; fileRef = F2FF14A72C6A48A100D80DF4 /* UserDefaults+Extension.swift */; };
		F2FF14AB2C6A48C400D80DF4 /* ProgressView.swift in Sources */ = {isa = PBXBuildFile; fileRef = F2FF14AA2C6A48C400D80DF4 /* ProgressView.swift */; };
		F2FF14AC2C6A48C400D80DF4 /* ProgressView.swift in Sources */ = {isa = PBXBuildFile; fileRef = F2FF14AA2C6A48C400D80DF4 /* ProgressView.swift */; };
		F2FF14AE2C6A48E800D80DF4 /* ServiceWorker.swift in Sources */ = {isa = PBXBuildFile; fileRef = F2FF14AD2C6A48E800D80DF4 /* ServiceWorker.swift */; };
		F2FF14AF2C6A48E800D80DF4 /* ServiceWorker.swift in Sources */ = {isa = PBXBuildFile; fileRef = F2FF14AD2C6A48E800D80DF4 /* ServiceWorker.swift */; };
		F2FF14B12C6A49B200D80DF4 /* ColorAssets.xcassets in Resources */ = {isa = PBXBuildFile; fileRef = F2FF14B02C6A49B200D80DF4 /* ColorAssets.xcassets */; };
		F2FF14B22C6A49B200D80DF4 /* ColorAssets.xcassets in Resources */ = {isa = PBXBuildFile; fileRef = F2FF14B02C6A49B200D80DF4 /* ColorAssets.xcassets */; };
		F2FF14B42C6A4A5900D80DF4 /* Forecast.swift in Sources */ = {isa = PBXBuildFile; fileRef = F2FF14B32C6A4A5900D80DF4 /* Forecast.swift */; };
		F2FF14B52C6A4A5900D80DF4 /* Forecast.swift in Sources */ = {isa = PBXBuildFile; fileRef = F2FF14B32C6A4A5900D80DF4 /* Forecast.swift */; };
		F2FF14B82C6A4B7E00D80DF4 /* ForecastRepositoryProtocol.swift in Sources */ = {isa = PBXBuildFile; fileRef = F2FF14B72C6A4B7E00D80DF4 /* ForecastRepositoryProtocol.swift */; };
		F2FF14B92C6A4B7E00D80DF4 /* ForecastRepositoryProtocol.swift in Sources */ = {isa = PBXBuildFile; fileRef = F2FF14B72C6A4B7E00D80DF4 /* ForecastRepositoryProtocol.swift */; };
		F2FF14BB2C6A4B9700D80DF4 /* ForecastRepository.swift in Sources */ = {isa = PBXBuildFile; fileRef = F2FF14BA2C6A4B9700D80DF4 /* ForecastRepository.swift */; };
		F2FF14BC2C6A4B9700D80DF4 /* ForecastRepository.swift in Sources */ = {isa = PBXBuildFile; fileRef = F2FF14BA2C6A4B9700D80DF4 /* ForecastRepository.swift */; };
		F2FF14BF2C6A4D7200D80DF4 /* ForecastView.swift in Sources */ = {isa = PBXBuildFile; fileRef = F2FF14BE2C6A4D7200D80DF4 /* ForecastView.swift */; };
		F2FF14C02C6A4D7200D80DF4 /* ForecastView.swift in Sources */ = {isa = PBXBuildFile; fileRef = F2FF14BE2C6A4D7200D80DF4 /* ForecastView.swift */; };
		F2FF14C22C6A4D9200D80DF4 /* CurrentWeatherView.swift in Sources */ = {isa = PBXBuildFile; fileRef = F2FF14C12C6A4D9200D80DF4 /* CurrentWeatherView.swift */; };
		F2FF14C32C6A4D9200D80DF4 /* CurrentWeatherView.swift in Sources */ = {isa = PBXBuildFile; fileRef = F2FF14C12C6A4D9200D80DF4 /* CurrentWeatherView.swift */; };
		F2FF14C52C6A6BFD00D80DF4 /* Forecast.json in Resources */ = {isa = PBXBuildFile; fileRef = F2FF14C42C6A6BFD00D80DF4 /* Forecast.json */; };
		F2FF14C62C6A6BFD00D80DF4 /* Forecast.json in Resources */ = {isa = PBXBuildFile; fileRef = F2FF14C42C6A6BFD00D80DF4 /* Forecast.json */; };
/* End PBXBuildFile section */

/* Begin PBXContainerItemProxy section */
		F28F26A92C697C5D00C82F51 /* PBXContainerItemProxy */ = {
			isa = PBXContainerItemProxy;
			containerPortal = F28F268A2C697C5800C82F51 /* Project object */;
			proxyType = 1;
			remoteGlobalIDString = F28F26912C697C5800C82F51;
			remoteInfo = WeatherApp;
		};
		F28F26B32C697C5D00C82F51 /* PBXContainerItemProxy */ = {
			isa = PBXContainerItemProxy;
			containerPortal = F28F268A2C697C5800C82F51 /* Project object */;
			proxyType = 1;
			remoteGlobalIDString = F28F26912C697C5800C82F51;
			remoteInfo = WeatherApp;
		};
/* End PBXContainerItemProxy section */

/* Begin PBXFileReference section */
		F28F26922C697C5800C82F51 /* WeatherApp.app */ = {isa = PBXFileReference; explicitFileType = wrapper.application; includeInIndex = 0; path = WeatherApp.app; sourceTree = BUILT_PRODUCTS_DIR; };
		F28F26952C697C5800C82F51 /* AppDelegate.swift */ = {isa = PBXFileReference; lastKnownFileType = sourcecode.swift; path = AppDelegate.swift; sourceTree = "<group>"; };
		F28F26972C697C5800C82F51 /* SceneDelegate.swift */ = {isa = PBXFileReference; lastKnownFileType = sourcecode.swift; path = SceneDelegate.swift; sourceTree = "<group>"; };
		F28F26992C697C5800C82F51 /* ForecastViewController.swift */ = {isa = PBXFileReference; lastKnownFileType = sourcecode.swift; path = ForecastViewController.swift; sourceTree = "<group>"; };
		F28F269C2C697C5800C82F51 /* Base */ = {isa = PBXFileReference; lastKnownFileType = file.storyboard; name = Base; path = Base.lproj/Main.storyboard; sourceTree = "<group>"; };
		F28F269E2C697C5B00C82F51 /* Assets.xcassets */ = {isa = PBXFileReference; lastKnownFileType = folder.assetcatalog; path = Assets.xcassets; sourceTree = "<group>"; };
		F28F26A12C697C5B00C82F51 /* Base */ = {isa = PBXFileReference; lastKnownFileType = file.storyboard; name = Base; path = Base.lproj/LaunchScreen.storyboard; sourceTree = "<group>"; };
		F28F26A32C697C5B00C82F51 /* Info.plist */ = {isa = PBXFileReference; lastKnownFileType = text.plist.xml; path = Info.plist; sourceTree = "<group>"; };
		F28F26A82C697C5D00C82F51 /* WeatherAppTests.xctest */ = {isa = PBXFileReference; explicitFileType = wrapper.cfbundle; includeInIndex = 0; path = WeatherAppTests.xctest; sourceTree = BUILT_PRODUCTS_DIR; };
		F28F26AC2C697C5D00C82F51 /* WeatherAppTests.swift */ = {isa = PBXFileReference; lastKnownFileType = sourcecode.swift; path = WeatherAppTests.swift; sourceTree = "<group>"; };
		F28F26B22C697C5D00C82F51 /* WeatherAppUITests.xctest */ = {isa = PBXFileReference; explicitFileType = wrapper.cfbundle; includeInIndex = 0; path = WeatherAppUITests.xctest; sourceTree = BUILT_PRODUCTS_DIR; };
		F28F26B62C697C5D00C82F51 /* WeatherAppUITests.swift */ = {isa = PBXFileReference; lastKnownFileType = sourcecode.swift; path = WeatherAppUITests.swift; sourceTree = "<group>"; };
		F28F26B82C697C5D00C82F51 /* WeatherAppUITestsLaunchTests.swift */ = {isa = PBXFileReference; lastKnownFileType = sourcecode.swift; path = WeatherAppUITestsLaunchTests.swift; sourceTree = "<group>"; };
		F28F26D02C697E8A00C82F51 /* ForecastDataRequest.swift */ = {isa = PBXFileReference; lastKnownFileType = sourcecode.swift; path = ForecastDataRequest.swift; sourceTree = "<group>"; };
		F2FF14952C698FDC00D80DF4 /* ForecastViewModel.swift */ = {isa = PBXFileReference; lastKnownFileType = sourcecode.swift; path = ForecastViewModel.swift; sourceTree = "<group>"; };
		F2FF14A02C6A482100D80DF4 /* UserDefault.swift */ = {isa = PBXFileReference; lastKnownFileType = sourcecode.swift; path = UserDefault.swift; sourceTree = "<group>"; };
		F2FF14A42C6A486F00D80DF4 /* Optional+Extension.swift */ = {isa = PBXFileReference; lastKnownFileType = sourcecode.swift; path = "Optional+Extension.swift"; sourceTree = "<group>"; };
		F2FF14A72C6A48A100D80DF4 /* UserDefaults+Extension.swift */ = {isa = PBXFileReference; lastKnownFileType = sourcecode.swift; path = "UserDefaults+Extension.swift"; sourceTree = "<group>"; };
		F2FF14AA2C6A48C400D80DF4 /* ProgressView.swift */ = {isa = PBXFileReference; lastKnownFileType = sourcecode.swift; path = ProgressView.swift; sourceTree = "<group>"; };
		F2FF14AD2C6A48E800D80DF4 /* ServiceWorker.swift */ = {isa = PBXFileReference; lastKnownFileType = sourcecode.swift; path = ServiceWorker.swift; sourceTree = "<group>"; };
		F2FF14B02C6A49B200D80DF4 /* ColorAssets.xcassets */ = {isa = PBXFileReference; lastKnownFileType = folder.assetcatalog; name = ColorAssets.xcassets; path = ../../../Downloads/OpenWeatherApp/OpenWeatherApp/ColorAssets.xcassets; sourceTree = "<group>"; };
		F2FF14B32C6A4A5900D80DF4 /* Forecast.swift */ = {isa = PBXFileReference; lastKnownFileType = sourcecode.swift; path = Forecast.swift; sourceTree = "<group>"; };
		F2FF14B72C6A4B7E00D80DF4 /* ForecastRepositoryProtocol.swift */ = {isa = PBXFileReference; lastKnownFileType = sourcecode.swift; path = ForecastRepositoryProtocol.swift; sourceTree = "<group>"; };
		F2FF14BA2C6A4B9700D80DF4 /* ForecastRepository.swift */ = {isa = PBXFileReference; lastKnownFileType = sourcecode.swift; path = ForecastRepository.swift; sourceTree = "<group>"; };
		F2FF14BE2C6A4D7200D80DF4 /* ForecastView.swift */ = {isa = PBXFileReference; lastKnownFileType = sourcecode.swift; path = ForecastView.swift; sourceTree = "<group>"; };
		F2FF14C12C6A4D9200D80DF4 /* CurrentWeatherView.swift */ = {isa = PBXFileReference; lastKnownFileType = sourcecode.swift; path = CurrentWeatherView.swift; sourceTree = "<group>"; };
		F2FF14C42C6A6BFD00D80DF4 /* Forecast.json */ = {isa = PBXFileReference; lastKnownFileType = text.json; path = Forecast.json; sourceTree = "<group>"; };
/* End PBXFileReference section */

/* Begin PBXFrameworksBuildPhase section */
		F28F268F2C697C5800C82F51 /* Frameworks */ = {
			isa = PBXFrameworksBuildPhase;
			buildActionMask = 2147483647;
			files = (
			);
			runOnlyForDeploymentPostprocessing = 0;
		};
		F28F26A52C697C5D00C82F51 /* Frameworks */ = {
			isa = PBXFrameworksBuildPhase;
			buildActionMask = 2147483647;
			files = (
			);
			runOnlyForDeploymentPostprocessing = 0;
		};
		F28F26AF2C697C5D00C82F51 /* Frameworks */ = {
			isa = PBXFrameworksBuildPhase;
			buildActionMask = 2147483647;
			files = (
			);
			runOnlyForDeploymentPostprocessing = 0;
		};
/* End PBXFrameworksBuildPhase section */

/* Begin PBXGroup section */
		F28F26892C697C5800C82F51 = {
			isa = PBXGroup;
			children = (
				F28F26942C697C5800C82F51 /* WeatherApp */,
				F28F26AB2C697C5D00C82F51 /* WeatherAppTests */,
				F28F26B52C697C5D00C82F51 /* WeatherAppUITests */,
				F28F26932C697C5800C82F51 /* Products */,
			);
			sourceTree = "<group>";
		};
		F28F26932C697C5800C82F51 /* Products */ = {
			isa = PBXGroup;
			children = (
				F28F26922C697C5800C82F51 /* WeatherApp.app */,
				F28F26A82C697C5D00C82F51 /* WeatherAppTests.xctest */,
				F28F26B22C697C5D00C82F51 /* WeatherAppUITests.xctest */,
			);
			name = Products;
			sourceTree = "<group>";
		};
		F28F26942C697C5800C82F51 /* WeatherApp */ = {
			isa = PBXGroup;
			children = (
				F2FF14BD2C6A4D3300D80DF4 /* Forecast */,
				F2FF14B62C6A4B5800D80DF4 /* Repositories */,
				F2FF14A32C6A484700D80DF4 /* Extensions */,
				F2FF149F2C6A47DC00D80DF4 /* Utility */,
				F28F26D32C69872100C82F51 /* Storyboards */,
				F28F26C72C697CFA00C82F51 /* Models */,
				F28F26C62C697CE300C82F51 /* Request */,
				F28F26952C697C5800C82F51 /* AppDelegate.swift */,
				F28F26972C697C5800C82F51 /* SceneDelegate.swift */,
				F28F269E2C697C5B00C82F51 /* Assets.xcassets */,
				F2FF14B02C6A49B200D80DF4 /* ColorAssets.xcassets */,
				F28F26A32C697C5B00C82F51 /* Info.plist */,
			);
			path = WeatherApp;
			sourceTree = "<group>";
		};
		F28F26AB2C697C5D00C82F51 /* WeatherAppTests */ = {
			isa = PBXGroup;
			children = (
				F28F26AC2C697C5D00C82F51 /* WeatherAppTests.swift */,
				F2FF14C42C6A6BFD00D80DF4 /* Forecast.json */,
			);
			path = WeatherAppTests;
			sourceTree = "<group>";
		};
		F28F26B52C697C5D00C82F51 /* WeatherAppUITests */ = {
			isa = PBXGroup;
			children = (
				F28F26B62C697C5D00C82F51 /* WeatherAppUITests.swift */,
				F28F26B82C697C5D00C82F51 /* WeatherAppUITestsLaunchTests.swift */,
			);
			path = WeatherAppUITests;
			sourceTree = "<group>";
		};
		F28F26C52C697CC200C82F51 /* Controllers */ = {
			isa = PBXGroup;
			children = (
				F28F26992C697C5800C82F51 /* ForecastViewController.swift */,
			);
			path = Controllers;
			sourceTree = "<group>";
		};
		F28F26C62C697CE300C82F51 /* Request */ = {
			isa = PBXGroup;
			children = (
				F28F26D02C697E8A00C82F51 /* ForecastDataRequest.swift */,
			);
			path = Request;
			sourceTree = "<group>";
		};
		F28F26C72C697CFA00C82F51 /* Models */ = {
			isa = PBXGroup;
			children = (
				F2FF14B32C6A4A5900D80DF4 /* Forecast.swift */,
			);
			path = Models;
			sourceTree = "<group>";
		};
		F28F26C92C697D0B00C82F51 /* ViewModel */ = {
			isa = PBXGroup;
			children = (
				F2FF14952C698FDC00D80DF4 /* ForecastViewModel.swift */,
			);
			path = ViewModel;
			sourceTree = "<group>";
		};
		F28F26D32C69872100C82F51 /* Storyboards */ = {
			isa = PBXGroup;
			children = (
				F28F269B2C697C5800C82F51 /* Main.storyboard */,
				F28F26A02C697C5B00C82F51 /* LaunchScreen.storyboard */,
			);
			path = Storyboards;
			sourceTree = "<group>";
		};
		F2FF149F2C6A47DC00D80DF4 /* Utility */ = {
			isa = PBXGroup;
			children = (
				F2FF14A02C6A482100D80DF4 /* UserDefault.swift */,
				F2FF14AA2C6A48C400D80DF4 /* ProgressView.swift */,
				F2FF14AD2C6A48E800D80DF4 /* ServiceWorker.swift */,
			);
			path = Utility;
			sourceTree = "<group>";
		};
		F2FF14A32C6A484700D80DF4 /* Extensions */ = {
			isa = PBXGroup;
			children = (
				F2FF14A42C6A486F00D80DF4 /* Optional+Extension.swift */,
				F2FF14A72C6A48A100D80DF4 /* UserDefaults+Extension.swift */,
			);
			path = Extensions;
			sourceTree = "<group>";
		};
		F2FF14B62C6A4B5800D80DF4 /* Repositories */ = {
			isa = PBXGroup;
			children = (
				F2FF14B72C6A4B7E00D80DF4 /* ForecastRepositoryProtocol.swift */,
				F2FF14BA2C6A4B9700D80DF4 /* ForecastRepository.swift */,
			);
			path = Repositories;
			sourceTree = "<group>";
		};
		F2FF14BD2C6A4D3300D80DF4 /* Forecast */ = {
			isa = PBXGroup;
			children = (
				F28F26C52C697CC200C82F51 /* Controllers */,
				F28F26C92C697D0B00C82F51 /* ViewModel */,
				F2FF14BE2C6A4D7200D80DF4 /* ForecastView.swift */,
				F2FF14C12C6A4D9200D80DF4 /* CurrentWeatherView.swift */,
			);
			path = Forecast;
			sourceTree = "<group>";
		};
/* End PBXGroup section */

/* Begin PBXNativeTarget section */
		F28F26912C697C5800C82F51 /* WeatherApp */ = {
			isa = PBXNativeTarget;
			buildConfigurationList = F28F26BC2C697C5D00C82F51 /* Build configuration list for PBXNativeTarget "WeatherApp" */;
			buildPhases = (
				F28F268E2C697C5800C82F51 /* Sources */,
				F28F268F2C697C5800C82F51 /* Frameworks */,
				F28F26902C697C5800C82F51 /* Resources */,
			);
			buildRules = (
			);
			dependencies = (
			);
			name = WeatherApp;
			productName = WeatherApp;
			productReference = F28F26922C697C5800C82F51 /* WeatherApp.app */;
			productType = "com.apple.product-type.application";
		};
		F28F26A72C697C5D00C82F51 /* WeatherAppTests */ = {
			isa = PBXNativeTarget;
			buildConfigurationList = F28F26BF2C697C5D00C82F51 /* Build configuration list for PBXNativeTarget "WeatherAppTests" */;
			buildPhases = (
				F28F26A42C697C5D00C82F51 /* Sources */,
				F28F26A52C697C5D00C82F51 /* Frameworks */,
				F28F26A62C697C5D00C82F51 /* Resources */,
			);
			buildRules = (
			);
			dependencies = (
				F28F26AA2C697C5D00C82F51 /* PBXTargetDependency */,
			);
			name = WeatherAppTests;
			productName = WeatherAppTests;
			productReference = F28F26A82C697C5D00C82F51 /* WeatherAppTests.xctest */;
			productType = "com.apple.product-type.bundle.unit-test";
		};
		F28F26B12C697C5D00C82F51 /* WeatherAppUITests */ = {
			isa = PBXNativeTarget;
			buildConfigurationList = F28F26C22C697C5D00C82F51 /* Build configuration list for PBXNativeTarget "WeatherAppUITests" */;
			buildPhases = (
				F28F26AE2C697C5D00C82F51 /* Sources */,
				F28F26AF2C697C5D00C82F51 /* Frameworks */,
				F28F26B02C697C5D00C82F51 /* Resources */,
			);
			buildRules = (
			);
			dependencies = (
				F28F26B42C697C5D00C82F51 /* PBXTargetDependency */,
			);
			name = WeatherAppUITests;
			productName = WeatherAppUITests;
			productReference = F28F26B22C697C5D00C82F51 /* WeatherAppUITests.xctest */;
			productType = "com.apple.product-type.bundle.ui-testing";
		};
/* End PBXNativeTarget section */

/* Begin PBXProject section */
		F28F268A2C697C5800C82F51 /* Project object */ = {
			isa = PBXProject;
			attributes = {
				BuildIndependentTargetsInParallel = 1;
				LastSwiftUpdateCheck = 1540;
				LastUpgradeCheck = 1540;
				TargetAttributes = {
					F28F26912C697C5800C82F51 = {
						CreatedOnToolsVersion = 15.4;
					};
					F28F26A72C697C5D00C82F51 = {
						CreatedOnToolsVersion = 15.4;
						TestTargetID = F28F26912C697C5800C82F51;
					};
					F28F26B12C697C5D00C82F51 = {
						CreatedOnToolsVersion = 15.4;
						TestTargetID = F28F26912C697C5800C82F51;
					};
				};
			};
			buildConfigurationList = F28F268D2C697C5800C82F51 /* Build configuration list for PBXProject "WeatherApp" */;
			compatibilityVersion = "Xcode 14.0";
			developmentRegion = en;
			hasScannedForEncodings = 0;
			knownRegions = (
				en,
				Base,
			);
			mainGroup = F28F26892C697C5800C82F51;
			productRefGroup = F28F26932C697C5800C82F51 /* Products */;
			projectDirPath = "";
			projectRoot = "";
			targets = (
				F28F26912C697C5800C82F51 /* WeatherApp */,
				F28F26A72C697C5D00C82F51 /* WeatherAppTests */,
				F28F26B12C697C5D00C82F51 /* WeatherAppUITests */,
			);
		};
/* End PBXProject section */

/* Begin PBXResourcesBuildPhase section */
		F28F26902C697C5800C82F51 /* Resources */ = {
			isa = PBXResourcesBuildPhase;
			buildActionMask = 2147483647;
			files = (
				F28F269F2C697C5B00C82F51 /* Assets.xcassets in Resources */,
				F2FF14C52C6A6BFD00D80DF4 /* Forecast.json in Resources */,
				F28F26A22C697C5B00C82F51 /* Base in Resources */,
				F2FF14B12C6A49B200D80DF4 /* ColorAssets.xcassets in Resources */,
				F28F269D2C697C5800C82F51 /* Base in Resources */,
			);
			runOnlyForDeploymentPostprocessing = 0;
		};
		F28F26A62C697C5D00C82F51 /* Resources */ = {
			isa = PBXResourcesBuildPhase;
			buildActionMask = 2147483647;
			files = (
				F2FF14C62C6A6BFD00D80DF4 /* Forecast.json in Resources */,
				F2FF14B22C6A49B200D80DF4 /* ColorAssets.xcassets in Resources */,
			);
			runOnlyForDeploymentPostprocessing = 0;
		};
		F28F26B02C697C5D00C82F51 /* Resources */ = {
			isa = PBXResourcesBuildPhase;
			buildActionMask = 2147483647;
			files = (
			);
			runOnlyForDeploymentPostprocessing = 0;
		};
/* End PBXResourcesBuildPhase section */

/* Begin PBXSourcesBuildPhase section */
		F28F268E2C697C5800C82F51 /* Sources */ = {
			isa = PBXSourcesBuildPhase;
			buildActionMask = 2147483647;
			files = (
				F2FF14A12C6A482100D80DF4 /* UserDefault.swift in Sources */,
				F2FF14AE2C6A48E800D80DF4 /* ServiceWorker.swift in Sources */,
				F28F269A2C697C5800C82F51 /* ForecastViewController.swift in Sources */,
				F2FF14C22C6A4D9200D80DF4 /* CurrentWeatherView.swift in Sources */,
				F28F26962C697C5800C82F51 /* AppDelegate.swift in Sources */,
				F2FF14A52C6A486F00D80DF4 /* Optional+Extension.swift in Sources */,
				F2FF14B82C6A4B7E00D80DF4 /* ForecastRepositoryProtocol.swift in Sources */,
				F2FF14B42C6A4A5900D80DF4 /* Forecast.swift in Sources */,
				F28F26982C697C5800C82F51 /* SceneDelegate.swift in Sources */,
				F28F26D12C697E8A00C82F51 /* ForecastDataRequest.swift in Sources */,
				F2FF14A82C6A48A100D80DF4 /* UserDefaults+Extension.swift in Sources */,
				F2FF14BB2C6A4B9700D80DF4 /* ForecastRepository.swift in Sources */,
				F2FF14BF2C6A4D7200D80DF4 /* ForecastView.swift in Sources */,
				F2FF14962C698FDC00D80DF4 /* ForecastViewModel.swift in Sources */,
				F2FF14AB2C6A48C400D80DF4 /* ProgressView.swift in Sources */,
			);
			runOnlyForDeploymentPostprocessing = 0;
		};
		F28F26A42C697C5D00C82F51 /* Sources */ = {
			isa = PBXSourcesBuildPhase;
			buildActionMask = 2147483647;
			files = (
				F2FF14B92C6A4B7E00D80DF4 /* ForecastRepositoryProtocol.swift in Sources */,
				F2FF14A22C6A482100D80DF4 /* UserDefault.swift in Sources */,
				F28F26AD2C697C5D00C82F51 /* WeatherAppTests.swift in Sources */,
				F2FF14A62C6A486F00D80DF4 /* Optional+Extension.swift in Sources */,
				F2FF14972C698FDC00D80DF4 /* ForecastViewModel.swift in Sources */,
				F2FF14A92C6A48A100D80DF4 /* UserDefaults+Extension.swift in Sources */,
				F2FF14AF2C6A48E800D80DF4 /* ServiceWorker.swift in Sources */,
				F28F26D22C697E8A00C82F51 /* ForecastDataRequest.swift in Sources */,
				F2FF14C32C6A4D9200D80DF4 /* CurrentWeatherView.swift in Sources */,
				F2FF14BC2C6A4B9700D80DF4 /* ForecastRepository.swift in Sources */,
				F2FF14B52C6A4A5900D80DF4 /* Forecast.swift in Sources */,
				F2FF14AC2C6A48C400D80DF4 /* ProgressView.swift in Sources */,
				F2FF14C02C6A4D7200D80DF4 /* ForecastView.swift in Sources */,
			);
			runOnlyForDeploymentPostprocessing = 0;
		};
		F28F26AE2C697C5D00C82F51 /* Sources */ = {
			isa = PBXSourcesBuildPhase;
			buildActionMask = 2147483647;
			files = (
				F28F26B72C697C5D00C82F51 /* WeatherAppUITests.swift in Sources */,
				F28F26B92C697C5D00C82F51 /* WeatherAppUITestsLaunchTests.swift in Sources */,
			);
			runOnlyForDeploymentPostprocessing = 0;
		};
/* End PBXSourcesBuildPhase section */

/* Begin PBXTargetDependency section */
		F28F26AA2C697C5D00C82F51 /* PBXTargetDependency */ = {
			isa = PBXTargetDependency;
			target = F28F26912C697C5800C82F51 /* WeatherApp */;
			targetProxy = F28F26A92C697C5D00C82F51 /* PBXContainerItemProxy */;
		};
		F28F26B42C697C5D00C82F51 /* PBXTargetDependency */ = {
			isa = PBXTargetDependency;
			target = F28F26912C697C5800C82F51 /* WeatherApp */;
			targetProxy = F28F26B32C697C5D00C82F51 /* PBXContainerItemProxy */;
		};
/* End PBXTargetDependency section */

/* Begin PBXVariantGroup section */
		F28F269B2C697C5800C82F51 /* Main.storyboard */ = {
			isa = PBXVariantGroup;
			children = (
				F28F269C2C697C5800C82F51 /* Base */,
			);
			name = Main.storyboard;
			sourceTree = "<group>";
		};
		F28F26A02C697C5B00C82F51 /* LaunchScreen.storyboard */ = {
			isa = PBXVariantGroup;
			children = (
				F28F26A12C697C5B00C82F51 /* Base */,
			);
			name = LaunchScreen.storyboard;
			sourceTree = "<group>";
		};
/* End PBXVariantGroup section */

/* Begin XCBuildConfiguration section */
		F28F26BA2C697C5D00C82F51 /* Debug */ = {
			isa = XCBuildConfiguration;
			buildSettings = {
				ALWAYS_SEARCH_USER_PATHS = NO;
				ASSETCATALOG_COMPILER_GENERATE_SWIFT_ASSET_SYMBOL_EXTENSIONS = YES;
				CLANG_ANALYZER_NONNULL = YES;
				CLANG_ANALYZER_NUMBER_OBJECT_CONVERSION = YES_AGGRESSIVE;
				CLANG_CXX_LANGUAGE_STANDARD = "gnu++20";
				CLANG_ENABLE_MODULES = YES;
				CLANG_ENABLE_OBJC_ARC = YES;
				CLANG_ENABLE_OBJC_WEAK = YES;
				CLANG_WARN_BLOCK_CAPTURE_AUTORELEASING = YES;
				CLANG_WARN_BOOL_CONVERSION = YES;
				CLANG_WARN_COMMA = YES;
				CLANG_WARN_CONSTANT_CONVERSION = YES;
				CLANG_WARN_DEPRECATED_OBJC_IMPLEMENTATIONS = YES;
				CLANG_WARN_DIRECT_OBJC_ISA_USAGE = YES_ERROR;
				CLANG_WARN_DOCUMENTATION_COMMENTS = YES;
				CLANG_WARN_EMPTY_BODY = YES;
				CLANG_WARN_ENUM_CONVERSION = YES;
				CLANG_WARN_INFINITE_RECURSION = YES;
				CLANG_WARN_INT_CONVERSION = YES;
				CLANG_WARN_NON_LITERAL_NULL_CONVERSION = YES;
				CLANG_WARN_OBJC_IMPLICIT_RETAIN_SELF = YES;
				CLANG_WARN_OBJC_LITERAL_CONVERSION = YES;
				CLANG_WARN_OBJC_ROOT_CLASS = YES_ERROR;
				CLANG_WARN_QUOTED_INCLUDE_IN_FRAMEWORK_HEADER = YES;
				CLANG_WARN_RANGE_LOOP_ANALYSIS = YES;
				CLANG_WARN_STRICT_PROTOTYPES = YES;
				CLANG_WARN_SUSPICIOUS_MOVE = YES;
				CLANG_WARN_UNGUARDED_AVAILABILITY = YES_AGGRESSIVE;
				CLANG_WARN_UNREACHABLE_CODE = YES;
				CLANG_WARN__DUPLICATE_METHOD_MATCH = YES;
				COPY_PHASE_STRIP = NO;
				DEBUG_INFORMATION_FORMAT = dwarf;
				ENABLE_STRICT_OBJC_MSGSEND = YES;
				ENABLE_TESTABILITY = YES;
				ENABLE_USER_SCRIPT_SANDBOXING = YES;
				GCC_C_LANGUAGE_STANDARD = gnu17;
				GCC_DYNAMIC_NO_PIC = NO;
				GCC_NO_COMMON_BLOCKS = YES;
				GCC_OPTIMIZATION_LEVEL = 0;
				GCC_PREPROCESSOR_DEFINITIONS = (
					"DEBUG=1",
					"$(inherited)",
				);
				GCC_WARN_64_TO_32_BIT_CONVERSION = YES;
				GCC_WARN_ABOUT_RETURN_TYPE = YES_ERROR;
				GCC_WARN_UNDECLARED_SELECTOR = YES;
				GCC_WARN_UNINITIALIZED_AUTOS = YES_AGGRESSIVE;
				GCC_WARN_UNUSED_FUNCTION = YES;
				GCC_WARN_UNUSED_VARIABLE = YES;
				IPHONEOS_DEPLOYMENT_TARGET = 17.5;
				LOCALIZATION_PREFERS_STRING_CATALOGS = YES;
				MTL_ENABLE_DEBUG_INFO = INCLUDE_SOURCE;
				MTL_FAST_MATH = YES;
				ONLY_ACTIVE_ARCH = YES;
				SDKROOT = iphoneos;
				SWIFT_ACTIVE_COMPILATION_CONDITIONS = "DEBUG $(inherited)";
				SWIFT_OPTIMIZATION_LEVEL = "-Onone";
			};
			name = Debug;
		};
		F28F26BB2C697C5D00C82F51 /* Release */ = {
			isa = XCBuildConfiguration;
			buildSettings = {
				ALWAYS_SEARCH_USER_PATHS = NO;
				ASSETCATALOG_COMPILER_GENERATE_SWIFT_ASSET_SYMBOL_EXTENSIONS = YES;
				CLANG_ANALYZER_NONNULL = YES;
				CLANG_ANALYZER_NUMBER_OBJECT_CONVERSION = YES_AGGRESSIVE;
				CLANG_CXX_LANGUAGE_STANDARD = "gnu++20";
				CLANG_ENABLE_MODULES = YES;
				CLANG_ENABLE_OBJC_ARC = YES;
				CLANG_ENABLE_OBJC_WEAK = YES;
				CLANG_WARN_BLOCK_CAPTURE_AUTORELEASING = YES;
				CLANG_WARN_BOOL_CONVERSION = YES;
				CLANG_WARN_COMMA = YES;
				CLANG_WARN_CONSTANT_CONVERSION = YES;
				CLANG_WARN_DEPRECATED_OBJC_IMPLEMENTATIONS = YES;
				CLANG_WARN_DIRECT_OBJC_ISA_USAGE = YES_ERROR;
				CLANG_WARN_DOCUMENTATION_COMMENTS = YES;
				CLANG_WARN_EMPTY_BODY = YES;
				CLANG_WARN_ENUM_CONVERSION = YES;
				CLANG_WARN_INFINITE_RECURSION = YES;
				CLANG_WARN_INT_CONVERSION = YES;
				CLANG_WARN_NON_LITERAL_NULL_CONVERSION = YES;
				CLANG_WARN_OBJC_IMPLICIT_RETAIN_SELF = YES;
				CLANG_WARN_OBJC_LITERAL_CONVERSION = YES;
				CLANG_WARN_OBJC_ROOT_CLASS = YES_ERROR;
				CLANG_WARN_QUOTED_INCLUDE_IN_FRAMEWORK_HEADER = YES;
				CLANG_WARN_RANGE_LOOP_ANALYSIS = YES;
				CLANG_WARN_STRICT_PROTOTYPES = YES;
				CLANG_WARN_SUSPICIOUS_MOVE = YES;
				CLANG_WARN_UNGUARDED_AVAILABILITY = YES_AGGRESSIVE;
				CLANG_WARN_UNREACHABLE_CODE = YES;
				CLANG_WARN__DUPLICATE_METHOD_MATCH = YES;
				COPY_PHASE_STRIP = NO;
				DEBUG_INFORMATION_FORMAT = "dwarf-with-dsym";
				ENABLE_NS_ASSERTIONS = NO;
				ENABLE_STRICT_OBJC_MSGSEND = YES;
				ENABLE_USER_SCRIPT_SANDBOXING = YES;
				GCC_C_LANGUAGE_STANDARD = gnu17;
				GCC_NO_COMMON_BLOCKS = YES;
				GCC_WARN_64_TO_32_BIT_CONVERSION = YES;
				GCC_WARN_ABOUT_RETURN_TYPE = YES_ERROR;
				GCC_WARN_UNDECLARED_SELECTOR = YES;
				GCC_WARN_UNINITIALIZED_AUTOS = YES_AGGRESSIVE;
				GCC_WARN_UNUSED_FUNCTION = YES;
				GCC_WARN_UNUSED_VARIABLE = YES;
				IPHONEOS_DEPLOYMENT_TARGET = 17.5;
				LOCALIZATION_PREFERS_STRING_CATALOGS = YES;
				MTL_ENABLE_DEBUG_INFO = NO;
				MTL_FAST_MATH = YES;
				SDKROOT = iphoneos;
				SWIFT_COMPILATION_MODE = wholemodule;
				VALIDATE_PRODUCT = YES;
			};
			name = Release;
		};
		F28F26BD2C697C5D00C82F51 /* Debug */ = {
			isa = XCBuildConfiguration;
			buildSettings = {
				ASSETCATALOG_COMPILER_APPICON_NAME = AppIcon;
				ASSETCATALOG_COMPILER_GLOBAL_ACCENT_COLOR_NAME = AccentColor;
				CODE_SIGN_STYLE = Automatic;
				CURRENT_PROJECT_VERSION = 1;
				DEVELOPMENT_TEAM = XY53V8A2FN;
				GENERATE_INFOPLIST_FILE = YES;
				INFOPLIST_FILE = WeatherApp/Info.plist;
				INFOPLIST_KEY_NSLocationWhenInUseUsageDescription = "Allow location access to fetch local weather info";
				INFOPLIST_KEY_UIApplicationSupportsIndirectInputEvents = YES;
				INFOPLIST_KEY_UILaunchStoryboardName = LaunchScreen;
				INFOPLIST_KEY_UIMainStoryboardFile = Main;
				INFOPLIST_KEY_UISupportedInterfaceOrientations_iPad = "UIInterfaceOrientationPortrait UIInterfaceOrientationPortraitUpsideDown UIInterfaceOrientationLandscapeLeft UIInterfaceOrientationLandscapeRight";
				INFOPLIST_KEY_UISupportedInterfaceOrientations_iPhone = "UIInterfaceOrientationPortrait UIInterfaceOrientationLandscapeLeft UIInterfaceOrientationLandscapeRight";
				LD_RUNPATH_SEARCH_PATHS = (
					"$(inherited)",
					"@executable_path/Frameworks",
				);
				MARKETING_VERSION = 1.0;
				PRODUCT_BUNDLE_IDENTIFIER = com.revanth.WeatherApp;
				PRODUCT_NAME = "$(TARGET_NAME)";
				SWIFT_EMIT_LOC_STRINGS = YES;
				SWIFT_VERSION = 5.0;
				TARGETED_DEVICE_FAMILY = "1,2";
			};
			name = Debug;
		};
		F28F26BE2C697C5D00C82F51 /* Release */ = {
			isa = XCBuildConfiguration;
			buildSettings = {
				ASSETCATALOG_COMPILER_APPICON_NAME = AppIcon;
				ASSETCATALOG_COMPILER_GLOBAL_ACCENT_COLOR_NAME = AccentColor;
				CODE_SIGN_STYLE = Automatic;
				CURRENT_PROJECT_VERSION = 1;
				DEVELOPMENT_TEAM = XY53V8A2FN;
				GENERATE_INFOPLIST_FILE = YES;
				INFOPLIST_FILE = WeatherApp/Info.plist;
				INFOPLIST_KEY_NSLocationWhenInUseUsageDescription = "Allow location access to fetch local weather info";
				INFOPLIST_KEY_UIApplicationSupportsIndirectInputEvents = YES;
				INFOPLIST_KEY_UILaunchStoryboardName = LaunchScreen;
				INFOPLIST_KEY_UIMainStoryboardFile = Main;
				INFOPLIST_KEY_UISupportedInterfaceOrientations_iPad = "UIInterfaceOrientationPortrait UIInterfaceOrientationPortraitUpsideDown UIInterfaceOrientationLandscapeLeft UIInterfaceOrientationLandscapeRight";
				INFOPLIST_KEY_UISupportedInterfaceOrientations_iPhone = "UIInterfaceOrientationPortrait UIInterfaceOrientationLandscapeLeft UIInterfaceOrientationLandscapeRight";
				LD_RUNPATH_SEARCH_PATHS = (
					"$(inherited)",
					"@executable_path/Frameworks",
				);
				MARKETING_VERSION = 1.0;
				PRODUCT_BUNDLE_IDENTIFIER = com.revanth.WeatherApp;
				PRODUCT_NAME = "$(TARGET_NAME)";
				SWIFT_EMIT_LOC_STRINGS = YES;
				SWIFT_VERSION = 5.0;
				TARGETED_DEVICE_FAMILY = "1,2";
			};
			name = Release;
		};
		F28F26C02C697C5D00C82F51 /* Debug */ = {
			isa = XCBuildConfiguration;
			buildSettings = {
				ALWAYS_EMBED_SWIFT_STANDARD_LIBRARIES = YES;
				BUNDLE_LOADER = "$(TEST_HOST)";
				CODE_SIGN_STYLE = Automatic;
				CURRENT_PROJECT_VERSION = 1;
				DEVELOPMENT_TEAM = YK48G446FU;
				GENERATE_INFOPLIST_FILE = YES;
				IPHONEOS_DEPLOYMENT_TARGET = 17.5;
				MARKETING_VERSION = 1.0;
				PRODUCT_BUNDLE_IDENTIFIER = com.revanth.WeatherAppTests;
				PRODUCT_NAME = "$(TARGET_NAME)";
				SWIFT_EMIT_LOC_STRINGS = NO;
				SWIFT_VERSION = 5.0;
				TARGETED_DEVICE_FAMILY = "1,2";
				TEST_HOST = "$(BUILT_PRODUCTS_DIR)/WeatherApp.app/$(BUNDLE_EXECUTABLE_FOLDER_PATH)/WeatherApp";
			};
			name = Debug;
		};
		F28F26C12C697C5D00C82F51 /* Release */ = {
			isa = XCBuildConfiguration;
			buildSettings = {
				ALWAYS_EMBED_SWIFT_STANDARD_LIBRARIES = YES;
				BUNDLE_LOADER = "$(TEST_HOST)";
				CODE_SIGN_STYLE = Automatic;
				CURRENT_PROJECT_VERSION = 1;
				DEVELOPMENT_TEAM = YK48G446FU;
				GENERATE_INFOPLIST_FILE = YES;
				IPHONEOS_DEPLOYMENT_TARGET = 17.5;
				MARKETING_VERSION = 1.0;
				PRODUCT_BUNDLE_IDENTIFIER = com.revanth.WeatherAppTests;
				PRODUCT_NAME = "$(TARGET_NAME)";
				SWIFT_EMIT_LOC_STRINGS = NO;
				SWIFT_VERSION = 5.0;
				TARGETED_DEVICE_FAMILY = "1,2";
				TEST_HOST = "$(BUILT_PRODUCTS_DIR)/WeatherApp.app/$(BUNDLE_EXECUTABLE_FOLDER_PATH)/WeatherApp";
			};
			name = Release;
		};
		F28F26C32C697C5D00C82F51 /* Debug */ = {
			isa = XCBuildConfiguration;
			buildSettings = {
				ALWAYS_EMBED_SWIFT_STANDARD_LIBRARIES = YES;
				CODE_SIGN_STYLE = Automatic;
				CURRENT_PROJECT_VERSION = 1;
				DEVELOPMENT_TEAM = YK48G446FU;
				GENERATE_INFOPLIST_FILE = YES;
				MARKETING_VERSION = 1.0;
				PRODUCT_BUNDLE_IDENTIFIER = com.revanth.WeatherAppUITests;
				PRODUCT_NAME = "$(TARGET_NAME)";
				SWIFT_EMIT_LOC_STRINGS = NO;
				SWIFT_VERSION = 5.0;
				TARGETED_DEVICE_FAMILY = "1,2";
				TEST_TARGET_NAME = WeatherApp;
			};
			name = Debug;
		};
		F28F26C42C697C5D00C82F51 /* Release */ = {
			isa = XCBuildConfiguration;
			buildSettings = {
				ALWAYS_EMBED_SWIFT_STANDARD_LIBRARIES = YES;
				CODE_SIGN_STYLE = Automatic;
				CURRENT_PROJECT_VERSION = 1;
				DEVELOPMENT_TEAM = YK48G446FU;
				GENERATE_INFOPLIST_FILE = YES;
				MARKETING_VERSION = 1.0;
				PRODUCT_BUNDLE_IDENTIFIER = com.revanth.WeatherAppUITests;
				PRODUCT_NAME = "$(TARGET_NAME)";
				SWIFT_EMIT_LOC_STRINGS = NO;
				SWIFT_VERSION = 5.0;
				TARGETED_DEVICE_FAMILY = "1,2";
				TEST_TARGET_NAME = WeatherApp;
			};
			name = Release;
		};
/* End XCBuildConfiguration section */

/* Begin XCConfigurationList section */
		F28F268D2C697C5800C82F51 /* Build configuration list for PBXProject "WeatherApp" */ = {
			isa = XCConfigurationList;
			buildConfigurations = (
				F28F26BA2C697C5D00C82F51 /* Debug */,
				F28F26BB2C697C5D00C82F51 /* Release */,
			);
			defaultConfigurationIsVisible = 0;
			defaultConfigurationName = Release;
		};
		F28F26BC2C697C5D00C82F51 /* Build configuration list for PBXNativeTarget "WeatherApp" */ = {
			isa = XCConfigurationList;
			buildConfigurations = (
				F28F26BD2C697C5D00C82F51 /* Debug */,
				F28F26BE2C697C5D00C82F51 /* Release */,
			);
			defaultConfigurationIsVisible = 0;
			defaultConfigurationName = Release;
		};
		F28F26BF2C697C5D00C82F51 /* Build configuration list for PBXNativeTarget "WeatherAppTests" */ = {
			isa = XCConfigurationList;
			buildConfigurations = (
				F28F26C02C697C5D00C82F51 /* Debug */,
				F28F26C12C697C5D00C82F51 /* Release */,
			);
			defaultConfigurationIsVisible = 0;
			defaultConfigurationName = Release;
		};
		F28F26C22C697C5D00C82F51 /* Build configuration list for PBXNativeTarget "WeatherAppUITests" */ = {
			isa = XCConfigurationList;
			buildConfigurations = (
				F28F26C32C697C5D00C82F51 /* Debug */,
				F28F26C42C697C5D00C82F51 /* Release */,
			);
			defaultConfigurationIsVisible = 0;
			defaultConfigurationName = Release;
		};
/* End XCConfigurationList section */
	};
	rootObject = F28F268A2C697C5800C82F51 /* Project object */;
}
